// !$*UTF8*$!
{
	archiveVersion = 1;
	classes = {
	};
	objectVersion = 77;
	objects = {

/* Begin PBXContainerItemProxy section */
		FAC82B3A2D91D4C800CA82C3 /* PBXContainerItemProxy */ = {
			isa = PBXContainerItemProxy;
			containerPortal = FAC82B212D91D4C600CA82C3 /* Project object */;
			proxyType = 1;
			remoteGlobalIDString = FAC82B282D91D4C600CA82C3;
			remoteInfo = "Zombie Chicken Mission";
		};
		FAC82B442D91D4C800CA82C3 /* PBXContainerItemProxy */ = {
			isa = PBXContainerItemProxy;
			containerPortal = FAC82B212D91D4C600CA82C3 /* Project object */;
			proxyType = 1;
			remoteGlobalIDString = FAC82B282D91D4C600CA82C3;
			remoteInfo = "Zombie Chicken Mission";
		};
/* End PBXContainerItemProxy section */

/* Begin PBXFileReference section */
		FAC82B292D91D4C600CA82C3 /* Zombie Chicken Mission.app */ = {isa = PBXFileReference; explicitFileType = wrapper.application; includeInIndex = 0; path = "Zombie Chicken Mission.app"; sourceTree = BUILT_PRODUCTS_DIR; };
		FAC82B392D91D4C800CA82C3 /* Zombie Chicken MissionTests.xctest */ = {isa = PBXFileReference; explicitFileType = wrapper.cfbundle; includeInIndex = 0; path = "Zombie Chicken MissionTests.xctest"; sourceTree = BUILT_PRODUCTS_DIR; };
		FAC82B432D91D4C800CA82C3 /* Zombie Chicken MissionUITests.xctest */ = {isa = PBXFileReference; explicitFileType = wrapper.cfbundle; includeInIndex = 0; path = "Zombie Chicken MissionUITests.xctest"; sourceTree = BUILT_PRODUCTS_DIR; };
/* End PBXFileReference section */

/* Begin PBXFileSystemSynchronizedRootGroup section */
		FAC82B2B2D91D4C600CA82C3 /* Zombie Chicken Mission */ = {
			isa = PBXFileSystemSynchronizedRootGroup;
			path = "Zombie Chicken Mission";
			sourceTree = "<group>";
		};
		FAC82B3C2D91D4C800CA82C3 /* Zombie Chicken MissionTests */ = {
			isa = PBXFileSystemSynchronizedRootGroup;
			path = "Zombie Chicken MissionTests";
			sourceTree = "<group>";
		};
		FAC82B462D91D4C800CA82C3 /* Zombie Chicken MissionUITests */ = {
			isa = PBXFileSystemSynchronizedRootGroup;
			path = "Zombie Chicken MissionUITests";
			sourceTree = "<group>";
		};
/* End PBXFileSystemSynchronizedRootGroup section */

/* Begin PBXFrameworksBuildPhase section */
		FAC82B262D91D4C600CA82C3 /* Frameworks */ = {
			isa = PBXFrameworksBuildPhase;
			buildActionMask = 2147483647;
			files = (
			);
			runOnlyForDeploymentPostprocessing = 0;
		};
		FAC82B362D91D4C800CA82C3 /* Frameworks */ = {
			isa = PBXFrameworksBuildPhase;
			buildActionMask = 2147483647;
			files = (
			);
			runOnlyForDeploymentPostprocessing = 0;
		};
		FAC82B402D91D4C800CA82C3 /* Frameworks */ = {
			isa = PBXFrameworksBuildPhase;
			buildActionMask = 2147483647;
			files = (
			);
			runOnlyForDeploymentPostprocessing = 0;
		};
/* End PBXFrameworksBuildPhase section */

/* Begin PBXGroup section */
		FAC82B202D91D4C600CA82C3 = {
			isa = PBXGroup;
			children = (
				FAC82B2B2D91D4C600CA82C3 /* Zombie Chicken Mission */,
				FAC82B3C2D91D4C800CA82C3 /* Zombie Chicken MissionTests */,
				FAC82B462D91D4C800CA82C3 /* Zombie Chicken MissionUITests */,
				FAC82B2A2D91D4C600CA82C3 /* Products */,
			);
			sourceTree = "<group>";
		};
		FAC82B2A2D91D4C600CA82C3 /* Products */ = {
			isa = PBXGroup;
			children = (
				FAC82B292D91D4C600CA82C3 /* Zombie Chicken Mission.app */,
				FAC82B392D91D4C800CA82C3 /* Zombie Chicken MissionTests.xctest */,
				FAC82B432D91D4C800CA82C3 /* Zombie Chicken MissionUITests.xctest */,
			);
			name = Products;
			sourceTree = "<group>";
		};
/* End PBXGroup section */

/* Begin PBXNativeTarget section */
		FAC82B282D91D4C600CA82C3 /* Zombie Chicken Mission */ = {
			isa = PBXNativeTarget;
			buildConfigurationList = FAC82B4D2D91D4C800CA82C3 /* Build configuration list for PBXNativeTarget "Zombie Chicken Mission" */;
			buildPhases = (
				FAC82B252D91D4C600CA82C3 /* Sources */,
				FAC82B262D91D4C600CA82C3 /* Frameworks */,
				FAC82B272D91D4C600CA82C3 /* Resources */,
			);
			buildRules = (
			);
			dependencies = (
			);
			fileSystemSynchronizedGroups = (
				FAC82B2B2D91D4C600CA82C3 /* Zombie Chicken Mission */,
			);
			name = "Zombie Chicken Mission";
			packageProductDependencies = (
			);
			productName = "Zombie Chicken Mission";
			productReference = FAC82B292D91D4C600CA82C3 /* Zombie Chicken Mission.app */;
			productType = "com.apple.product-type.application";
		};
		FAC82B382D91D4C800CA82C3 /* Zombie Chicken MissionTests */ = {
			isa = PBXNativeTarget;
			buildConfigurationList = FAC82B502D91D4C800CA82C3 /* Build configuration list for PBXNativeTarget "Zombie Chicken MissionTests" */;
			buildPhases = (
				FAC82B352D91D4C800CA82C3 /* Sources */,
				FAC82B362D91D4C800CA82C3 /* Frameworks */,
				FAC82B372D91D4C800CA82C3 /* Resources */,
			);
			buildRules = (
			);
			dependencies = (
				FAC82B3B2D91D4C800CA82C3 /* PBXTargetDependency */,
			);
			fileSystemSynchronizedGroups = (
				FAC82B3C2D91D4C800CA82C3 /* Zombie Chicken MissionTests */,
			);
			name = "Zombie Chicken MissionTests";
			packageProductDependencies = (
			);
			productName = "Zombie Chicken MissionTests";
			productReference = FAC82B392D91D4C800CA82C3 /* Zombie Chicken MissionTests.xctest */;
			productType = "com.apple.product-type.bundle.unit-test";
		};
		FAC82B422D91D4C800CA82C3 /* Zombie Chicken MissionUITests */ = {
			isa = PBXNativeTarget;
			buildConfigurationList = FAC82B532D91D4C800CA82C3 /* Build configuration list for PBXNativeTarget "Zombie Chicken MissionUITests" */;
			buildPhases = (
				FAC82B3F2D91D4C800CA82C3 /* Sources */,
				FAC82B402D91D4C800CA82C3 /* Frameworks */,
				FAC82B412D91D4C800CA82C3 /* Resources */,
			);
			buildRules = (
			);
			dependencies = (
				FAC82B452D91D4C800CA82C3 /* PBXTargetDependency */,
			);
			fileSystemSynchronizedGroups = (
				FAC82B462D91D4C800CA82C3 /* Zombie Chicken MissionUITests */,
			);
			name = "Zombie Chicken MissionUITests";
			packageProductDependencies = (
			);
			productName = "Zombie Chicken MissionUITests";
			productReference = FAC82B432D91D4C800CA82C3 /* Zombie Chicken MissionUITests.xctest */;
			productType = "com.apple.product-type.bundle.ui-testing";
		};
/* End PBXNativeTarget section */

/* Begin PBXProject section */
		FAC82B212D91D4C600CA82C3 /* Project object */ = {
			isa = PBXProject;
			attributes = {
				BuildIndependentTargetsInParallel = 1;
				LastSwiftUpdateCheck = 1620;
				LastUpgradeCheck = 1620;
				TargetAttributes = {
					FAC82B282D91D4C600CA82C3 = {
						CreatedOnToolsVersion = 16.2;
					};
					FAC82B382D91D4C800CA82C3 = {
						CreatedOnToolsVersion = 16.2;
						TestTargetID = FAC82B282D91D4C600CA82C3;
					};
					FAC82B422D91D4C800CA82C3 = {
						CreatedOnToolsVersion = 16.2;
						TestTargetID = FAC82B282D91D4C600CA82C3;
					};
				};
			};
			buildConfigurationList = FAC82B242D91D4C600CA82C3 /* Build configuration list for PBXProject "Zombie Chicken Mission" */;
			developmentRegion = en;
			hasScannedForEncodings = 0;
			knownRegions = (
				en,
				Base,
			);
			mainGroup = FAC82B202D91D4C600CA82C3;
			minimizedProjectReferenceProxies = 1;
			preferredProjectObjectVersion = 77;
			productRefGroup = FAC82B2A2D91D4C600CA82C3 /* Products */;
			projectDirPath = "";
			projectRoot = "";
			targets = (
				FAC82B282D91D4C600CA82C3 /* Zombie Chicken Mission */,
				FAC82B382D91D4C800CA82C3 /* Zombie Chicken MissionTests */,
				FAC82B422D91D4C800CA82C3 /* Zombie Chicken MissionUITests */,
			);
		};
/* End PBXProject section */

/* Begin PBXResourcesBuildPhase section */
		FAC82B272D91D4C600CA82C3 /* Resources */ = {
			isa = PBXResourcesBuildPhase;
			buildActionMask = 2147483647;
			files = (
			);
			runOnlyForDeploymentPostprocessing = 0;
		};
		FAC82B372D91D4C800CA82C3 /* Resources */ = {
			isa = PBXResourcesBuildPhase;
			buildActionMask = 2147483647;
			files = (
			);
			runOnlyForDeploymentPostprocessing = 0;
		};
		FAC82B412D91D4C800CA82C3 /* Resources */ = {
			isa = PBXResourcesBuildPhase;
			buildActionMask = 2147483647;
			files = (
			);
			runOnlyForDeploymentPostprocessing = 0;
		};
/* End PBXResourcesBuildPhase section */

/* Begin PBXSourcesBuildPhase section */
		FAC82B252D91D4C600CA82C3 /* Sources */ = {
			isa = PBXSourcesBuildPhase;
			buildActionMask = 2147483647;
			files = (
			);
			runOnlyForDeploymentPostprocessing = 0;
		};
		FAC82B352D91D4C800CA82C3 /* Sources */ = {
			isa = PBXSourcesBuildPhase;
			buildActionMask = 2147483647;
			files = (
			);
			runOnlyForDeploymentPostprocessing = 0;
		};
		FAC82B3F2D91D4C800CA82C3 /* Sources */ = {
			isa = PBXSourcesBuildPhase;
			buildActionMask = 2147483647;
			files = (
			);
			runOnlyForDeploymentPostprocessing = 0;
		};
/* End PBXSourcesBuildPhase section */

/* Begin PBXTargetDependency section */
		FAC82B3B2D91D4C800CA82C3 /* PBXTargetDependency */ = {
			isa = PBXTargetDependency;
			target = FAC82B282D91D4C600CA82C3 /* Zombie Chicken Mission */;
			targetProxy = FAC82B3A2D91D4C800CA82C3 /* PBXContainerItemProxy */;
		};
		FAC82B452D91D4C800CA82C3 /* PBXTargetDependency */ = {
			isa = PBXTargetDependency;
			target = FAC82B282D91D4C600CA82C3 /* Zombie Chicken Mission */;
			targetProxy = FAC82B442D91D4C800CA82C3 /* PBXContainerItemProxy */;
		};
/* End PBXTargetDependency section */

/* Begin XCBuildConfiguration section */
		FAC82B4B2D91D4C800CA82C3 /* Debug */ = {
			isa = XCBuildConfiguration;
			buildSettings = {
				ALWAYS_SEARCH_USER_PATHS = NO;
				ASSETCATALOG_COMPILER_GENERATE_SWIFT_ASSET_SYMBOL_EXTENSIONS = YES;
				CLANG_ANALYZER_NONNULL = YES;
				CLANG_ANALYZER_NUMBER_OBJECT_CONVERSION = YES_AGGRESSIVE;
				CLANG_CXX_LANGUAGE_STANDARD = "gnu++20";
				CLANG_ENABLE_MODULES = YES;
				CLANG_ENABLE_OBJC_ARC = YES;
				CLANG_ENABLE_OBJC_WEAK = YES;
				CLANG_WARN_BLOCK_CAPTURE_AUTORELEASING = YES;
				CLANG_WARN_BOOL_CONVERSION = YES;
				CLANG_WARN_COMMA = YES;
				CLANG_WARN_CONSTANT_CONVERSION = YES;
				CLANG_WARN_DEPRECATED_OBJC_IMPLEMENTATIONS = YES;
				CLANG_WARN_DIRECT_OBJC_ISA_USAGE = YES_ERROR;
				CLANG_WARN_DOCUMENTATION_COMMENTS = YES;
				CLANG_WARN_EMPTY_BODY = YES;
				CLANG_WARN_ENUM_CONVERSION = YES;
				CLANG_WARN_INFINITE_RECURSION = YES;
				CLANG_WARN_INT_CONVERSION = YES;
				CLANG_WARN_NON_LITERAL_NULL_CONVERSION = YES;
				CLANG_WARN_OBJC_IMPLICIT_RETAIN_SELF = YES;
				CLANG_WARN_OBJC_LITERAL_CONVERSION = YES;
				CLANG_WARN_OBJC_ROOT_CLASS = YES_ERROR;
				CLANG_WARN_QUOTED_INCLUDE_IN_FRAMEWORK_HEADER = YES;
				CLANG_WARN_RANGE_LOOP_ANALYSIS = YES;
				CLANG_WARN_STRICT_PROTOTYPES = YES;
				CLANG_WARN_SUSPICIOUS_MOVE = YES;
				CLANG_WARN_UNGUARDED_AVAILABILITY = YES_AGGRESSIVE;
				CLANG_WARN_UNREACHABLE_CODE = YES;
				CLANG_WARN__DUPLICATE_METHOD_MATCH = YES;
				COPY_PHASE_STRIP = NO;
				DEBUG_INFORMATION_FORMAT = dwarf;
				ENABLE_STRICT_OBJC_MSGSEND = YES;
				ENABLE_TESTABILITY = YES;
				ENABLE_USER_SCRIPT_SANDBOXING = YES;
				GCC_C_LANGUAGE_STANDARD = gnu17;
				GCC_DYNAMIC_NO_PIC = NO;
				GCC_NO_COMMON_BLOCKS = YES;
				GCC_OPTIMIZATION_LEVEL = 0;
				GCC_PREPROCESSOR_DEFINITIONS = (
					"DEBUG=1",
					"$(inherited)",
				);
				GCC_WARN_64_TO_32_BIT_CONVERSION = YES;
				GCC_WARN_ABOUT_RETURN_TYPE = YES_ERROR;
				GCC_WARN_UNDECLARED_SELECTOR = YES;
				GCC_WARN_UNINITIALIZED_AUTOS = YES_AGGRESSIVE;
				GCC_WARN_UNUSED_FUNCTION = YES;
				GCC_WARN_UNUSED_VARIABLE = YES;
				IPHONEOS_DEPLOYMENT_TARGET = 18.2;
				LOCALIZATION_PREFERS_STRING_CATALOGS = YES;
				MTL_ENABLE_DEBUG_INFO = INCLUDE_SOURCE;
				MTL_FAST_MATH = YES;
				ONLY_ACTIVE_ARCH = YES;
				SDKROOT = iphoneos;
				SWIFT_ACTIVE_COMPILATION_CONDITIONS = "DEBUG $(inherited)";
				SWIFT_OPTIMIZATION_LEVEL = "-Onone";
			};
			name = Debug;
		};
		FAC82B4C2D91D4C800CA82C3 /* Release */ = {
			isa = XCBuildConfiguration;
			buildSettings = {
				ALWAYS_SEARCH_USER_PATHS = NO;
				ASSETCATALOG_COMPILER_GENERATE_SWIFT_ASSET_SYMBOL_EXTENSIONS = YES;
				CLANG_ANALYZER_NONNULL = YES;
				CLANG_ANALYZER_NUMBER_OBJECT_CONVERSION = YES_AGGRESSIVE;
				CLANG_CXX_LANGUAGE_STANDARD = "gnu++20";
				CLANG_ENABLE_MODULES = YES;
				CLANG_ENABLE_OBJC_ARC = YES;
				CLANG_ENABLE_OBJC_WEAK = YES;
				CLANG_WARN_BLOCK_CAPTURE_AUTORELEASING = YES;
				CLANG_WARN_BOOL_CONVERSION = YES;
				CLANG_WARN_COMMA = YES;
				CLANG_WARN_CONSTANT_CONVERSION = YES;
				CLANG_WARN_DEPRECATED_OBJC_IMPLEMENTATIONS = YES;
				CLANG_WARN_DIRECT_OBJC_ISA_USAGE = YES_ERROR;
				CLANG_WARN_DOCUMENTATION_COMMENTS = YES;
				CLANG_WARN_EMPTY_BODY = YES;
				CLANG_WARN_ENUM_CONVERSION = YES;
				CLANG_WARN_INFINITE_RECURSION = YES;
				CLANG_WARN_INT_CONVERSION = YES;
				CLANG_WARN_NON_LITERAL_NULL_CONVERSION = YES;
				CLANG_WARN_OBJC_IMPLICIT_RETAIN_SELF = YES;
				CLANG_WARN_OBJC_LITERAL_CONVERSION = YES;
				CLANG_WARN_OBJC_ROOT_CLASS = YES_ERROR;
				CLANG_WARN_QUOTED_INCLUDE_IN_FRAMEWORK_HEADER = YES;
				CLANG_WARN_RANGE_LOOP_ANALYSIS = YES;
				CLANG_WARN_STRICT_PROTOTYPES = YES;
				CLANG_WARN_SUSPICIOUS_MOVE = YES;
				CLANG_WARN_UNGUARDED_AVAILABILITY = YES_AGGRESSIVE;
				CLANG_WARN_UNREACHABLE_CODE = YES;
				CLANG_WARN__DUPLICATE_METHOD_MATCH = YES;
				COPY_PHASE_STRIP = NO;
				DEBUG_INFORMATION_FORMAT = "dwarf-with-dsym";
				ENABLE_NS_ASSERTIONS = NO;
				ENABLE_STRICT_OBJC_MSGSEND = YES;
				ENABLE_USER_SCRIPT_SANDBOXING = YES;
				GCC_C_LANGUAGE_STANDARD = gnu17;
				GCC_NO_COMMON_BLOCKS = YES;
				GCC_WARN_64_TO_32_BIT_CONVERSION = YES;
				GCC_WARN_ABOUT_RETURN_TYPE = YES_ERROR;
				GCC_WARN_UNDECLARED_SELECTOR = YES;
				GCC_WARN_UNINITIALIZED_AUTOS = YES_AGGRESSIVE;
				GCC_WARN_UNUSED_FUNCTION = YES;
				GCC_WARN_UNUSED_VARIABLE = YES;
				IPHONEOS_DEPLOYMENT_TARGET = 18.2;
				LOCALIZATION_PREFERS_STRING_CATALOGS = YES;
				MTL_ENABLE_DEBUG_INFO = NO;
				MTL_FAST_MATH = YES;
				SDKROOT = iphoneos;
				SWIFT_COMPILATION_MODE = wholemodule;
				VALIDATE_PRODUCT = YES;
			};
			name = Release;
		};
		FAC82B4E2D91D4C800CA82C3 /* Debug */ = {
			isa = XCBuildConfiguration;
			buildSettings = {
				ASSETCATALOG_COMPILER_APPICON_NAME = AppIcon;
				ASSETCATALOG_COMPILER_GLOBAL_ACCENT_COLOR_NAME = AccentColor;
				CODE_SIGN_STYLE = Automatic;
				CURRENT_PROJECT_VERSION = 1;
				DEVELOPMENT_ASSET_PATHS = "\"Zombie Chicken Mission/Preview Content\"";
				ENABLE_PREVIEWS = YES;
				GENERATE_INFOPLIST_FILE = YES;
				INFOPLIST_FILE = "Zombie-Chicken-Mission-Info.plist";
				INFOPLIST_KEY_CFBundleDisplayName = "Traffic Chicken Mission";
				INFOPLIST_KEY_LSApplicationCategoryType = "public.app-category.games";
				INFOPLIST_KEY_UIApplicationSceneManifest_Generation = YES;
				INFOPLIST_KEY_UIApplicationSupportsIndirectInputEvents = YES;
				INFOPLIST_KEY_UILaunchScreen_Generation = YES;
				INFOPLIST_KEY_UIRequiresFullScreen = YES;
				INFOPLIST_KEY_UISupportedInterfaceOrientations_iPad = "UIInterfaceOrientationPortrait UIInterfaceOrientationPortraitUpsideDown UIInterfaceOrientationLandscapeLeft UIInterfaceOrientationLandscapeRight";
				INFOPLIST_KEY_UISupportedInterfaceOrientations_iPhone = "UIInterfaceOrientationPortrait UIInterfaceOrientationLandscapeLeft UIInterfaceOrientationLandscapeRight";
				IPHONEOS_DEPLOYMENT_TARGET = 15.0;
				LD_RUNPATH_SEARCH_PATHS = (
					"$(inherited)",
					"@executable_path/Frameworks",
				);
				MARKETING_VERSION = 2.0;
				PRODUCT_BUNDLE_IDENTIFIER = com.zombiemssn.game;
				PRODUCT_NAME = "$(TARGET_NAME)";
				SUPPORTED_PLATFORMS = "iphoneos iphonesimulator";
				SUPPORTS_MACCATALYST = NO;
				SUPPORTS_MAC_DESIGNED_FOR_IPHONE_IPAD = NO;
				SUPPORTS_XR_DESIGNED_FOR_IPHONE_IPAD = NO;
				SWIFT_EMIT_LOC_STRINGS = YES;
				SWIFT_VERSION = 5.0;
				TARGETED_DEVICE_FAMILY = "1,2";
			};
			name = Debug;
		};
		FAC82B4F2D91D4C800CA82C3 /* Release */ = {
			isa = XCBuildConfiguration;
			buildSettings = {
				ASSETCATALOG_COMPILER_APPICON_NAME = AppIcon;
				ASSETCATALOG_COMPILER_GLOBAL_ACCENT_COLOR_NAME = AccentColor;
				CODE_SIGN_STYLE = Automatic;
				CURRENT_PROJECT_VERSION = 1;
				DEVELOPMENT_ASSET_PATHS = "\"Zombie Chicken Mission/Preview Content\"";
				ENABLE_PREVIEWS = YES;
				GENERATE_INFOPLIST_FILE = YES;
				INFOPLIST_FILE = "Zombie-Chicken-Mission-Info.plist";
				INFOPLIST_KEY_CFBundleDisplayName = "Traffic Chicken Mission";
				INFOPLIST_KEY_LSApplicationCategoryType = "public.app-category.games";
				INFOPLIST_KEY_UIApplicationSceneManifest_Generation = YES;
				INFOPLIST_KEY_UIApplicationSupportsIndirectInputEvents = YES;
				INFOPLIST_KEY_UILaunchScreen_Generation = YES;
				INFOPLIST_KEY_UIRequiresFullScreen = YES;
				INFOPLIST_KEY_UISupportedInterfaceOrientations_iPad = "UIInterfaceOrientationPortrait UIInterfaceOrientationPortraitUpsideDown UIInterfaceOrientationLandscapeLeft UIInterfaceOrientationLandscapeRight";
				INFOPLIST_KEY_UISupportedInterfaceOrientations_iPhone = "UIInterfaceOrientationPortrait UIInterfaceOrientationLandscapeLeft UIInterfaceOrientationLandscapeRight";
				IPHONEOS_DEPLOYMENT_TARGET = 15.0;
				LD_RUNPATH_SEARCH_PATHS = (
					"$(inherited)",
					"@executable_path/Frameworks",
				);
				MARKETING_VERSION = 2.0;
				PRODUCT_BUNDLE_IDENTIFIER = com.zombiemssn.game;
				PRODUCT_NAME = "$(TARGET_NAME)";
				SUPPORTED_PLATFORMS = "iphoneos iphonesimulator";
				SUPPORTS_MACCATALYST = NO;
				SUPPORTS_MAC_DESIGNED_FOR_IPHONE_IPAD = NO;
				SUPPORTS_XR_DESIGNED_FOR_IPHONE_IPAD = NO;
				SWIFT_EMIT_LOC_STRINGS = YES;
				SWIFT_VERSION = 5.0;
				TARGETED_DEVICE_FAMILY = "1,2";
			};
			name = Release;
		};
		FAC82B512D91D4C800CA82C3 /* Debug */ = {
			isa = XCBuildConfiguration;
			buildSettings = {
				BUNDLE_LOADER = "$(TEST_HOST)";
				CODE_SIGN_STYLE = Automatic;
				CURRENT_PROJECT_VERSION = 1;
				GENERATE_INFOPLIST_FILE = YES;
				IPHONEOS_DEPLOYMENT_TARGET = 18.2;
				MARKETING_VERSION = 1.0;
				PRODUCT_BUNDLE_IDENTIFIER = "com.zombiemssn.game.Zombie-Chicken-MissionTests";
				PRODUCT_NAME = "$(TARGET_NAME)";
				SWIFT_EMIT_LOC_STRINGS = NO;
				SWIFT_VERSION = 5.0;
				TARGETED_DEVICE_FAMILY = "1,2";
				TEST_HOST = "$(BUILT_PRODUCTS_DIR)/Zombie Chicken Mission.app/$(BUNDLE_EXECUTABLE_FOLDER_PATH)/Zombie Chicken Mission";
			};
			name = Debug;
		};
		FAC82B522D91D4C800CA82C3 /* Release */ = {
			isa = XCBuildConfiguration;
			buildSettings = {
				BUNDLE_LOADER = "$(TEST_HOST)";
				CODE_SIGN_STYLE = Automatic;
				CURRENT_PROJECT_VERSION = 1;
				GENERATE_INFOPLIST_FILE = YES;
				IPHONEOS_DEPLOYMENT_TARGET = 18.2;
				MARKETING_VERSION = 1.0;
				PRODUCT_BUNDLE_IDENTIFIER = "com.zombiemssn.game.Zombie-Chicken-MissionTests";
				PRODUCT_NAME = "$(TARGET_NAME)";
				SWIFT_EMIT_LOC_STRINGS = NO;
				SWIFT_VERSION = 5.0;
				TARGETED_DEVICE_FAMILY = "1,2";
				TEST_HOST = "$(BUILT_PRODUCTS_DIR)/Zombie Chicken Mission.app/$(BUNDLE_EXECUTABLE_FOLDER_PATH)/Zombie Chicken Mission";
			};
			name = Release;
		};
		FAC82B542D91D4C800CA82C3 /* Debug */ = {
			isa = XCBuildConfiguration;
			buildSettings = {
				CODE_SIGN_STYLE = Automatic;
				CURRENT_PROJECT_VERSION = 1;
				GENERATE_INFOPLIST_FILE = YES;
				MARKETING_VERSION = 1.0;
				PRODUCT_BUNDLE_IDENTIFIER = "com.zombiemssn.game.Zombie-Chicken-MissionUITests";
				PRODUCT_NAME = "$(TARGET_NAME)";
				SWIFT_EMIT_LOC_STRINGS = NO;
				SWIFT_VERSION = 5.0;
				TARGETED_DEVICE_FAMILY = "1,2";
				TEST_TARGET_NAME = "Zombie Chicken Mission";
			};
			name = Debug;
		};
		FAC82B552D91D4C800CA82C3 /* Release */ = {
			isa = XCBuildConfiguration;
			buildSettings = {
				CODE_SIGN_STYLE = Automatic;
				CURRENT_PROJECT_VERSION = 1;
				GENERATE_INFOPLIST_FILE = YES;
				MARKETING_VERSION = 1.0;
				PRODUCT_BUNDLE_IDENTIFIER = "com.zombiemssn.game.Zombie-Chicken-MissionUITests";
				PRODUCT_NAME = "$(TARGET_NAME)";
				SWIFT_EMIT_LOC_STRINGS = NO;
				SWIFT_VERSION = 5.0;
				TARGETED_DEVICE_FAMILY = "1,2";
				TEST_TARGET_NAME = "Zombie Chicken Mission";
			};
			name = Release;
		};
/* End XCBuildConfiguration section */

/* Begin XCConfigurationList section */
		FAC82B242D91D4C600CA82C3 /* Build configuration list for PBXProject "Zombie Chicken Mission" */ = {
			isa = XCConfigurationList;
			buildConfigurations = (
				FAC82B4B2D91D4C800CA82C3 /* Debug */,
				FAC82B4C2D91D4C800CA82C3 /* Release */,
			);
			defaultConfigurationIsVisible = 0;
			defaultConfigurationName = Release;
		};
		FAC82B4D2D91D4C800CA82C3 /* Build configuration list for PBXNativeTarget "Zombie Chicken Mission" */ = {
			isa = XCConfigurationList;
			buildConfigurations = (
				FAC82B4E2D91D4C800CA82C3 /* Debug */,
				FAC82B4F2D91D4C800CA82C3 /* Release */,
			);
			defaultConfigurationIsVisible = 0;
			defaultConfigurationName = Release;
		};
		FAC82B502D91D4C800CA82C3 /* Build configuration list for PBXNativeTarget "Zombie Chicken MissionTests" */ = {
			isa = XCConfigurationList;
			buildConfigurations = (
				FAC82B512D91D4C800CA82C3 /* Debug */,
				FAC82B522D91D4C800CA82C3 /* Release */,
			);
			defaultConfigurationIsVisible = 0;
			defaultConfigurationName = Release;
		};
		FAC82B532D91D4C800CA82C3 /* Build configuration list for PBXNativeTarget "Zombie Chicken MissionUITests" */ = {
			isa = XCConfigurationList;
			buildConfigurations = (
				FAC82B542D91D4C800CA82C3 /* Debug */,
				FAC82B552D91D4C800CA82C3 /* Release */,
			);
			defaultConfigurationIsVisible = 0;
			defaultConfigurationName = Release;
		};
/* End XCConfigurationList section */
	};
	rootObject = FAC82B212D91D4C600CA82C3 /* Project object */;
}
